
Microsoft Visual Studio Solution File, Format Version 12.00
# Visual Studio Version 17
VisualStudioVersion = 17.3.32901.215
MinimumVisualStudioVersion = 10.0.40219.1
Project("{FAE04EC0-301F-11D3-BF4B-00C04F79EFBC}") = "Roguelike_2", "Roguelike_2.csproj", "{A9C7CC90-BA25-459E-998B-CFF96438724F}"
EndProject
Global
	GlobalSection(SolutionConfigurationPlatforms) = preSolution
		Debug|Any CPU = Debug|Any CPU
		Release|Any CPU = Release|Any CPU
	EndGlobalSection
	GlobalSection(ProjectConfigurationPlatforms) = postSolution
		{A9C7CC90-BA25-459E-998B-CFF96438724F}.Debug|Any CPU.ActiveCfg = Debug|Any CPU
		{A9C7CC90-BA25-459E-998B-CFF96438724F}.Debug|Any CPU.Build.0 = Debug|Any CPU
		{A9C7CC90-BA25-459E-998B-CFF96438724F}.Release|Any CPU.ActiveCfg = Release|Any CPU
		{A9C7CC90-BA25-459E-998B-CFF96438724F}.Release|Any CPU.Build.0 = Release|Any CPU
	EndGlobalSection
	GlobalSection(SolutionProperties) = preSolution
		HideSolutionNode = FALSE
	EndGlobalSection
	GlobalSection(ExtensibilityGlobals) = postSolution
		SolutionGuid = {965821A5-D912-4CB5-8E3A-362BDC0E008B}
	EndGlobalSection
EndGlobal
